
Microsoft Visual Studio Solution File, Format Version 12.00
# Visual Studio Version 17
VisualStudioVersion = 17.14.36121.58 d17.14
MinimumVisualStudioVersion = 10.0.40219.1
Project("{FAE04EC0-301F-11D3-BF4B-00C04F79EFBC}") = "pr9_2", "pr9_2\pr9_2.csproj", "{6455F8FB-082E-467B-BCAA-7EE4171EB23C}"
EndProject
Global
	GlobalSection(SolutionConfigurationPlatforms) = preSolution
		Debug|Any CPU = Debug|Any CPU
		Release|Any CPU = Release|Any CPU
	EndGlobalSection
	GlobalSection(ProjectConfigurationPlatforms) = postSolution
		{6455F8FB-082E-467B-BCAA-7EE4171EB23C}.Debug|Any CPU.ActiveCfg = Debug|Any CPU
		{6455F8FB-082E-467B-BCAA-7EE4171EB23C}.Debug|Any CPU.Build.0 = Debug|Any CPU
		{6455F8FB-082E-467B-BCAA-7EE4171EB23C}.Release|Any CPU.ActiveCfg = Release|Any CPU
		{6455F8FB-082E-467B-BCAA-7EE4171EB23C}.Release|Any CPU.Build.0 = Release|Any CPU
	EndGlobalSection
	GlobalSection(SolutionProperties) = preSolution
		HideSolutionNode = FALSE
	EndGlobalSection
	GlobalSection(ExtensibilityGlobals) = postSolution
		SolutionGuid = {1628CEFA-7111-41C9-BEE5-A696EEEA6BF8}
	EndGlobalSection
EndGlobal
